
Microsoft Visual Studio Solution File, Format Version 11.00
# Visual Basic Express 2010
Project("{F184B08F-C81C-45F6-A57F-5ABD9991F28F}") = "Simple Unit Conversion", "Simple Unit Conversion\Simple Unit Conversion.vbproj", "{33E6FC06-758B-4472-AE18-07390CD74D4B}"
EndProject
Global
	GlobalSection(SolutionConfigurationPlatforms) = preSolution
		Debug|x86 = Debug|x86
		Release|x86 = Release|x86
	EndGlobalSection
	GlobalSection(ProjectConfigurationPlatforms) = postSolution
		{33E6FC06-758B-4472-AE18-07390CD74D4B}.Debug|x86.ActiveCfg = Debug|x86
		{33E6FC06-758B-4472-AE18-07390CD74D4B}.Debug|x86.Build.0 = Debug|x86
		{33E6FC06-758B-4472-AE18-07390CD74D4B}.Release|x86.ActiveCfg = Release|x86
		{33E6FC06-758B-4472-AE18-07390CD74D4B}.Release|x86.Build.0 = Release|x86
	EndGlobalSection
	GlobalSection(SolutionProperties) = preSolution
		HideSolutionNode = FALSE
	EndGlobalSection
EndGlobal
